
Microsoft Visual Studio Solution File, Format Version 12.00
# Visual Studio Version 17
VisualStudioVersion = 17.4.33205.214
MinimumVisualStudioVersion = 10.0.40219.1
Project("{888888A0-9F3D-457C-B088-3A5042F75D52}") = "Ülesanne- Book store", "Ülesanne- Book store.pyproj", "{EB10EEFD-511E-4031-973D-FCAA01FE9592}"
EndProject
Global
	GlobalSection(SolutionConfigurationPlatforms) = preSolution
		Debug|Any CPU = Debug|Any CPU
		Release|Any CPU = Release|Any CPU
	EndGlobalSection
	GlobalSection(ProjectConfigurationPlatforms) = postSolution
		{EB10EEFD-511E-4031-973D-FCAA01FE9592}.Debug|Any CPU.ActiveCfg = Debug|Any CPU
		{EB10EEFD-511E-4031-973D-FCAA01FE9592}.Release|Any CPU.ActiveCfg = Release|Any CPU
	EndGlobalSection
	GlobalSection(SolutionProperties) = preSolution
		HideSolutionNode = FALSE
	EndGlobalSection
	GlobalSection(ExtensibilityGlobals) = postSolution
		SolutionGuid = {324C0CF7-59FC-4FC6-A13A-79458181BBF5}
	EndGlobalSection
EndGlobal
